
Microsoft Visual Studio Solution File, Format Version 12.00
# Visual Studio 15
VisualStudioVersion = 15.0.26127.0
MinimumVisualStudioVersion = 10.0.40219.1
Project("{FAE04EC0-301F-11D3-BF4B-00C04F79EFBC}") = "ExampleProjectApp", "ExampleProjectApp\ExampleProjectApp.csproj", "{9308EA3F-1E42-4D11-8EE9-1E616C57EFDE}"
EndProject
Project("{FAE04EC0-301F-11D3-BF4B-00C04F79EFBC}") = "PermissionAnalyser", "PermissionAnalyser\PermissionAnalyser.csproj", "{67D21116-4CA6-4873-9206-FD556FDBA019}"
EndProject
Global
	GlobalSection(SolutionConfigurationPlatforms) = preSolution
		Debug|Any CPU = Debug|Any CPU
		Release|Any CPU = Release|Any CPU
	EndGlobalSection
	GlobalSection(ProjectConfigurationPlatforms) = postSolution
		{9308EA3F-1E42-4D11-8EE9-1E616C57EFDE}.Debug|Any CPU.ActiveCfg = Debug|Any CPU
		{9308EA3F-1E42-4D11-8EE9-1E616C57EFDE}.Debug|Any CPU.Build.0 = Debug|Any CPU
		{9308EA3F-1E42-4D11-8EE9-1E616C57EFDE}.Release|Any CPU.ActiveCfg = Release|Any CPU
		{9308EA3F-1E42-4D11-8EE9-1E616C57EFDE}.Release|Any CPU.Build.0 = Release|Any CPU
		{67D21116-4CA6-4873-9206-FD556FDBA019}.Debug|Any CPU.ActiveCfg = Debug|Any CPU
		{67D21116-4CA6-4873-9206-FD556FDBA019}.Debug|Any CPU.Build.0 = Debug|Any CPU
		{67D21116-4CA6-4873-9206-FD556FDBA019}.Release|Any CPU.ActiveCfg = Release|Any CPU
		{67D21116-4CA6-4873-9206-FD556FDBA019}.Release|Any CPU.Build.0 = Release|Any CPU
	EndGlobalSection
	GlobalSection(SolutionProperties) = preSolution
		HideSolutionNode = FALSE
	EndGlobalSection
EndGlobal
